// !$*UTF8*$!
{
	archiveVersion = 1;
	classes = {
	};
	objectVersion = 50;
	objects = {

/* Begin PBXBuildFile section */
		2ECD62422545BA56003572E3 /* AppDelegate.mm in Sources */ = {isa = PBXBuildFile; fileRef = 2ECD62412545BA56003572E3 /* AppDelegate.mm */; };
		2ECD62482545BA56003572E3 /* ViewController.m in Sources */ = {isa = PBXBuildFile; fileRef = 2ECD62472545BA56003572E3 /* ViewController.m */; };
		2ECD624B2545BA56003572E3 /* Main.storyboard in Resources */ = {isa = PBXBuildFile; fileRef = 2ECD62492545BA56003572E3 /* Main.storyboard */; };
		2ECD624D2545BA59003572E3 /* Assets.xcassets in Resources */ = {isa = PBXBuildFile; fileRef = 2ECD624C2545BA59003572E3 /* Assets.xcassets */; };
		2ECD62502545BA59003572E3 /* LaunchScreen.storyboard in Resources */ = {isa = PBXBuildFile; fileRef = 2ECD624E2545BA59003572E3 /* LaunchScreen.storyboard */; };
		2ECD62532545BA59003572E3 /* main.m in Sources */ = {isa = PBXBuildFile; fileRef = 2ECD62522545BA59003572E3 /* main.m */; };
		2ECD63CD2545CF61003572E3 /* libdevilutionx.a in Frameworks */ = {isa = PBXBuildFile; fileRef = 2ECD638D2545CF2E003572E3 /* libdevilutionx.a */; };
		2ECD63CF2545CF6B003572E3 /* libSDL2.a in Frameworks */ = {isa = PBXBuildFile; fileRef = 2ECD63A22545CF45003572E3 /* libSDL2.a */; };
		2ECD63D02545CF6B003572E3 /* libSDL2_mixer.a in Frameworks */ = {isa = PBXBuildFile; fileRef = 2ECD63B32545CF4D003572E3 /* libSDL2_mixer.a */; };
		2ECD63D12545CF6B003572E3 /* libSDL2_ttf.a in Frameworks */ = {isa = PBXBuildFile; fileRef = 2ECD63C32545CF52003572E3 /* libSDL2_ttf.a */; };
/* End PBXBuildFile section */

/* Begin PBXContainerItemProxy section */
		2ECD63842545CF2E003572E3 /* PBXContainerItemProxy */ = {
			isa = PBXContainerItemProxy;
			containerPortal = 2ECD63792545CF2E003572E3 /* DevilutionX-Dependencies.xcodeproj */;
			proxyType = 2;
			remoteGlobalIDString = 7F4447532DF44FA494B5A0A0;
			remoteInfo = PKWare;
		};
		2ECD63862545CF2E003572E3 /* PBXContainerItemProxy */ = {
			isa = PBXContainerItemProxy;
			containerPortal = 2ECD63792545CF2E003572E3 /* DevilutionX-Dependencies.xcodeproj */;
			proxyType = 2;
			remoteGlobalIDString = 96AE90691F6143C2A6D3FD8A;
			remoteInfo = Radon;
		};
		2ECD63882545CF2E003572E3 /* PBXContainerItemProxy */ = {
			isa = PBXContainerItemProxy;
			containerPortal = 2ECD63792545CF2E003572E3 /* DevilutionX-Dependencies.xcodeproj */;
			proxyType = 2;
			remoteGlobalIDString = 9E69ECCD0B2143359919FA9D;
			remoteInfo = StormLib;
		};
		2ECD638A2545CF2E003572E3 /* PBXContainerItemProxy */ = {
			isa = PBXContainerItemProxy;
			containerPortal = 2ECD63792545CF2E003572E3 /* DevilutionX-Dependencies.xcodeproj */;
			proxyType = 2;
			remoteGlobalIDString = F1C500706C3646799265A789;
			remoteInfo = devilution;
		};
		2ECD638C2545CF2E003572E3 /* PBXContainerItemProxy */ = {
			isa = PBXContainerItemProxy;
			containerPortal = 2ECD63792545CF2E003572E3 /* DevilutionX-Dependencies.xcodeproj */;
			proxyType = 2;
			remoteGlobalIDString = 4C9C2CA836B44D5D98580417;
			remoteInfo = devilutionx;
		};
		2ECD638E2545CF2E003572E3 /* PBXContainerItemProxy */ = {
			isa = PBXContainerItemProxy;
			containerPortal = 2ECD63792545CF2E003572E3 /* DevilutionX-Dependencies.xcodeproj */;
			proxyType = 2;
			remoteGlobalIDString = 75E58757203C4AB8B80CB921;
			remoteInfo = smacker;
		};
		2ECD63A12545CF45003572E3 /* PBXContainerItemProxy */ = {
			isa = PBXContainerItemProxy;
			containerPortal = 2ECD63992545CF45003572E3 /* SDL.xcodeproj */;
			proxyType = 2;
			remoteGlobalIDString = FD6526630DE8FCCB002AD96B;
			remoteInfo = "libSDL-iOS";
		};
		2ECD63A32545CF45003572E3 /* PBXContainerItemProxy */ = {
			isa = PBXContainerItemProxy;
			containerPortal = 2ECD63992545CF45003572E3 /* SDL.xcodeproj */;
			proxyType = 2;
			remoteGlobalIDString = FAB598141BB5C1B100BE72C5;
			remoteInfo = "libSDL-tvOS";
		};
		2ECD63B22545CF4D003572E3 /* PBXContainerItemProxy */ = {
			isa = PBXContainerItemProxy;
			containerPortal = 2ECD63AB2545CF4D003572E3 /* SDL_mixer.xcodeproj */;
			proxyType = 2;
			remoteGlobalIDString = BE1FA95407AF96B2004B6283;
			remoteInfo = "libSDL_mixer-iOS";
		};
		2ECD63B42545CF4D003572E3 /* PBXContainerItemProxy */ = {
			isa = PBXContainerItemProxy;
			containerPortal = 2ECD63AB2545CF4D003572E3 /* SDL_mixer.xcodeproj */;
			proxyType = 2;
			remoteGlobalIDString = AA5314F11FE0FE2E0025C9BE;
			remoteInfo = "libSDL_mixer-tvOS";
		};
		2ECD63C22545CF52003572E3 /* PBXContainerItemProxy */ = {
			isa = PBXContainerItemProxy;
			containerPortal = 2ECD63BB2545CF52003572E3 /* SDL_ttf.xcodeproj */;
			proxyType = 2;
			remoteGlobalIDString = BE48FD6E07AFA17000BB41DA;
			remoteInfo = "libSDL_ttf-iOS";
		};
		2ECD63C42545CF52003572E3 /* PBXContainerItemProxy */ = {
			isa = PBXContainerItemProxy;
			containerPortal = 2ECD63BB2545CF52003572E3 /* SDL_ttf.xcodeproj */;
			proxyType = 2;
			remoteGlobalIDString = AA53152E1FE1016F0025C9BE;
			remoteInfo = "libSDL_ttf-tvOS";
		};
		2ECD63D22545CF75003572E3 /* PBXContainerItemProxy */ = {
			isa = PBXContainerItemProxy;
			containerPortal = 2ECD63792545CF2E003572E3 /* DevilutionX-Dependencies.xcodeproj */;
			proxyType = 1;
			remoteGlobalIDString = 997609E517F54F369FDE14DE;
			remoteInfo = devilutionx;
		};
/* End PBXContainerItemProxy section */

/* Begin PBXFileReference section */
		2ECD623D2545BA56003572E3 /* DevilutionX-iOS.app */ = {isa = PBXFileReference; explicitFileType = wrapper.application; includeInIndex = 0; path = "DevilutionX-iOS.app"; sourceTree = BUILT_PRODUCTS_DIR; };
		2ECD62402545BA56003572E3 /* AppDelegate.h */ = {isa = PBXFileReference; lastKnownFileType = sourcecode.c.h; path = AppDelegate.h; sourceTree = "<group>"; };
		2ECD62412545BA56003572E3 /* AppDelegate.mm */ = {isa = PBXFileReference; lastKnownFileType = sourcecode.cpp.objcpp; path = AppDelegate.mm; sourceTree = "<group>"; };
		2ECD62462545BA56003572E3 /* ViewController.h */ = {isa = PBXFileReference; lastKnownFileType = sourcecode.c.h; path = ViewController.h; sourceTree = "<group>"; };
		2ECD62472545BA56003572E3 /* ViewController.m */ = {isa = PBXFileReference; lastKnownFileType = sourcecode.c.objc; path = ViewController.m; sourceTree = "<group>"; };
		2ECD624A2545BA56003572E3 /* Base */ = {isa = PBXFileReference; lastKnownFileType = file.storyboard; name = Base; path = Base.lproj/Main.storyboard; sourceTree = "<group>"; };
		2ECD624C2545BA59003572E3 /* Assets.xcassets */ = {isa = PBXFileReference; lastKnownFileType = folder.assetcatalog; path = Assets.xcassets; sourceTree = "<group>"; };
		2ECD624F2545BA59003572E3 /* Base */ = {isa = PBXFileReference; lastKnownFileType = file.storyboard; name = Base; path = Base.lproj/LaunchScreen.storyboard; sourceTree = "<group>"; };
		2ECD62512545BA59003572E3 /* Info.plist */ = {isa = PBXFileReference; lastKnownFileType = text.plist.xml; path = Info.plist; sourceTree = "<group>"; };
		2ECD62522545BA59003572E3 /* main.m */ = {isa = PBXFileReference; lastKnownFileType = sourcecode.c.objc; path = main.m; sourceTree = "<group>"; };
		2ECD63792545CF2E003572E3 /* DevilutionX-Dependencies.xcodeproj */ = {isa = PBXFileReference; lastKnownFileType = "wrapper.pb-project"; name = "DevilutionX-Dependencies.xcodeproj"; path = "../Dependencies/DevilutionX-Dependencies.xcodeproj"; sourceTree = "<group>"; };
		2ECD63992545CF45003572E3 /* SDL.xcodeproj */ = {isa = PBXFileReference; lastKnownFileType = "wrapper.pb-project"; name = SDL.xcodeproj; path = "../SDL/SDL/Xcode-iOS/SDL/SDL.xcodeproj"; sourceTree = "<group>"; };
		2ECD63AB2545CF4D003572E3 /* SDL_mixer.xcodeproj */ = {isa = PBXFileReference; lastKnownFileType = "wrapper.pb-project"; name = SDL_mixer.xcodeproj; path = "../SDL/SDL2_mixer/Xcode-iOS/SDL_mixer.xcodeproj"; sourceTree = "<group>"; };
		2ECD63BB2545CF52003572E3 /* SDL_ttf.xcodeproj */ = {isa = PBXFileReference; lastKnownFileType = "wrapper.pb-project"; name = SDL_ttf.xcodeproj; path = "../SDL/SDL2_ttf/Xcode-iOS/SDL_ttf.xcodeproj"; sourceTree = "<group>"; };
/* End PBXFileReference section */

/* Begin PBXFrameworksBuildPhase section */
		2ECD623A2545BA56003572E3 /* Frameworks */ = {
			isa = PBXFrameworksBuildPhase;
			buildActionMask = 2147483647;
			files = (
				2ECD63D02545CF6B003572E3 /* libSDL2_mixer.a in Frameworks */,
				2ECD63D12545CF6B003572E3 /* libSDL2_ttf.a in Frameworks */,
				2ECD63CF2545CF6B003572E3 /* libSDL2.a in Frameworks */,
				2ECD63CD2545CF61003572E3 /* libdevilutionx.a in Frameworks */,
			);
			runOnlyForDeploymentPostprocessing = 0;
		};
/* End PBXFrameworksBuildPhase section */

/* Begin PBXGroup section */
		2ECD62342545BA56003572E3 = {
			isa = PBXGroup;
			children = (
				2ECD623F2545BA56003572E3 /* DevilutionX-iOS */,
				2ECD625C2545BAD7003572E3 /* Frameworks */,
				2ECD623E2545BA56003572E3 /* Products */,
			);
			sourceTree = "<group>";
		};
		2ECD623E2545BA56003572E3 /* Products */ = {
			isa = PBXGroup;
			children = (
				2ECD623D2545BA56003572E3 /* DevilutionX-iOS.app */,
			);
			name = Products;
			sourceTree = "<group>";
		};
		2ECD623F2545BA56003572E3 /* DevilutionX-iOS */ = {
			isa = PBXGroup;
			children = (
				2ECD625A2545BA9A003572E3 /* Sources */,
				2ECD625B2545BAB4003572E3 /* Resources */,
				2ECD62512545BA59003572E3 /* Info.plist */,
			);
			path = "DevilutionX-iOS";
			sourceTree = "<group>";
		};
		2ECD625A2545BA9A003572E3 /* Sources */ = {
			isa = PBXGroup;
			children = (
				2ECD62402545BA56003572E3 /* AppDelegate.h */,
				2ECD62412545BA56003572E3 /* AppDelegate.mm */,
				2ECD62462545BA56003572E3 /* ViewController.h */,
				2ECD62472545BA56003572E3 /* ViewController.m */,
				2ECD62522545BA59003572E3 /* main.m */,
			);
			path = Sources;
			sourceTree = "<group>";
		};
		2ECD625B2545BAB4003572E3 /* Resources */ = {
			isa = PBXGroup;
			children = (
				2ECD624C2545BA59003572E3 /* Assets.xcassets */,
				2ECD62492545BA56003572E3 /* Main.storyboard */,
				2ECD624E2545BA59003572E3 /* LaunchScreen.storyboard */,
			);
			path = Resources;
			sourceTree = "<group>";
		};
		2ECD625C2545BAD7003572E3 /* Frameworks */ = {
			isa = PBXGroup;
			children = (
				2ECD63792545CF2E003572E3 /* DevilutionX-Dependencies.xcodeproj */,
				2ECD63992545CF45003572E3 /* SDL.xcodeproj */,
				2ECD63AB2545CF4D003572E3 /* SDL_mixer.xcodeproj */,
				2ECD63BB2545CF52003572E3 /* SDL_ttf.xcodeproj */,
			);
			name = Frameworks;
			sourceTree = "<group>";
		};
		2ECD637A2545CF2E003572E3 /* Products */ = {
			isa = PBXGroup;
			children = (
				2ECD63852545CF2E003572E3 /* libPKWare.a */,
				2ECD63872545CF2E003572E3 /* libRadon.a */,
				2ECD63892545CF2E003572E3 /* libStormLib.a */,
				2ECD638B2545CF2E003572E3 /* libdevilution.a */,
				2ECD638D2545CF2E003572E3 /* libdevilutionx.a */,
				2ECD638F2545CF2E003572E3 /* libsmacker.a */,
			);
			name = Products;
			sourceTree = "<group>";
		};
		2ECD639A2545CF45003572E3 /* Products */ = {
			isa = PBXGroup;
			children = (
				2ECD63A22545CF45003572E3 /* libSDL2.a */,
				2ECD63A42545CF45003572E3 /* libSDL2.a */,
			);
			name = Products;
			sourceTree = "<group>";
		};
		2ECD63AC2545CF4D003572E3 /* Products */ = {
			isa = PBXGroup;
			children = (
				2ECD63B32545CF4D003572E3 /* libSDL2_mixer.a */,
				2ECD63B52545CF4D003572E3 /* libSDL2_mixer.a */,
			);
			name = Products;
			sourceTree = "<group>";
		};
		2ECD63BC2545CF52003572E3 /* Products */ = {
			isa = PBXGroup;
			children = (
				2ECD63C32545CF52003572E3 /* libSDL2_ttf.a */,
				2ECD63C52545CF52003572E3 /* libSDL2_ttf.a */,
			);
			name = Products;
			sourceTree = "<group>";
		};
/* End PBXGroup section */

/* Begin PBXNativeTarget section */
		2ECD623C2545BA56003572E3 /* DevilutionX-iOS */ = {
			isa = PBXNativeTarget;
			buildConfigurationList = 2ECD62562545BA59003572E3 /* Build configuration list for PBXNativeTarget "DevilutionX-iOS" */;
			buildPhases = (
				2ECD62392545BA56003572E3 /* Sources */,
				2ECD623A2545BA56003572E3 /* Frameworks */,
				2ECD623B2545BA56003572E3 /* Resources */,
			);
			buildRules = (
			);
			dependencies = (
				2ECD63D32545CF75003572E3 /* PBXTargetDependency */,
			);
			name = "DevilutionX-iOS";
			productName = "DevilutionX-iOS";
			productReference = 2ECD623D2545BA56003572E3 /* DevilutionX-iOS.app */;
			productType = "com.apple.product-type.application";
		};
/* End PBXNativeTarget section */

/* Begin PBXProject section */
		2ECD62352545BA56003572E3 /* Project object */ = {
			isa = PBXProject;
			attributes = {
				LastUpgradeCheck = 1200;
				TargetAttributes = {
					2ECD623C2545BA56003572E3 = {
						CreatedOnToolsVersion = 12.0;
					};
				};
			};
			buildConfigurationList = 2ECD62382545BA56003572E3 /* Build configuration list for PBXProject "DevilutionX-iOS" */;
			compatibilityVersion = "Xcode 9.3";
			developmentRegion = en;
			hasScannedForEncodings = 0;
			knownRegions = (
				en,
				Base,
			);
			mainGroup = 2ECD62342545BA56003572E3;
			productRefGroup = 2ECD623E2545BA56003572E3 /* Products */;
			projectDirPath = "";
			projectReferences = (
				{
					ProductGroup = 2ECD637A2545CF2E003572E3 /* Products */;
					ProjectRef = 2ECD63792545CF2E003572E3 /* DevilutionX-Dependencies.xcodeproj */;
				},
				{
					ProductGroup = 2ECD639A2545CF45003572E3 /* Products */;
					ProjectRef = 2ECD63992545CF45003572E3 /* SDL.xcodeproj */;
				},
				{
					ProductGroup = 2ECD63AC2545CF4D003572E3 /* Products */;
					ProjectRef = 2ECD63AB2545CF4D003572E3 /* SDL_mixer.xcodeproj */;
				},
				{
					ProductGroup = 2ECD63BC2545CF52003572E3 /* Products */;
					ProjectRef = 2ECD63BB2545CF52003572E3 /* SDL_ttf.xcodeproj */;
				},
			);
			projectRoot = "";
			targets = (
				2ECD623C2545BA56003572E3 /* DevilutionX-iOS */,
			);
		};
/* End PBXProject section */

/* Begin PBXReferenceProxy section */
		2ECD63852545CF2E003572E3 /* libPKWare.a */ = {
			isa = PBXReferenceProxy;
			fileType = archive.ar;
			path = libPKWare.a;
			remoteRef = 2ECD63842545CF2E003572E3 /* PBXContainerItemProxy */;
			sourceTree = BUILT_PRODUCTS_DIR;
		};
		2ECD63872545CF2E003572E3 /* libRadon.a */ = {
			isa = PBXReferenceProxy;
			fileType = archive.ar;
			path = libRadon.a;
			remoteRef = 2ECD63862545CF2E003572E3 /* PBXContainerItemProxy */;
			sourceTree = BUILT_PRODUCTS_DIR;
		};
		2ECD63892545CF2E003572E3 /* libStormLib.a */ = {
			isa = PBXReferenceProxy;
			fileType = archive.ar;
			path = libStormLib.a;
			remoteRef = 2ECD63882545CF2E003572E3 /* PBXContainerItemProxy */;
			sourceTree = BUILT_PRODUCTS_DIR;
		};
		2ECD638B2545CF2E003572E3 /* libdevilution.a */ = {
			isa = PBXReferenceProxy;
			fileType = archive.ar;
			path = libdevilution.a;
			remoteRef = 2ECD638A2545CF2E003572E3 /* PBXContainerItemProxy */;
			sourceTree = BUILT_PRODUCTS_DIR;
		};
		2ECD638D2545CF2E003572E3 /* libdevilutionx.a */ = {
			isa = PBXReferenceProxy;
			fileType = archive.ar;
			path = libdevilutionx.a;
			remoteRef = 2ECD638C2545CF2E003572E3 /* PBXContainerItemProxy */;
			sourceTree = BUILT_PRODUCTS_DIR;
		};
		2ECD638F2545CF2E003572E3 /* libsmacker.a */ = {
			isa = PBXReferenceProxy;
			fileType = archive.ar;
			path = libsmacker.a;
			remoteRef = 2ECD638E2545CF2E003572E3 /* PBXContainerItemProxy */;
			sourceTree = BUILT_PRODUCTS_DIR;
		};
		2ECD63A22545CF45003572E3 /* libSDL2.a */ = {
			isa = PBXReferenceProxy;
			fileType = archive.ar;
			path = libSDL2.a;
			remoteRef = 2ECD63A12545CF45003572E3 /* PBXContainerItemProxy */;
			sourceTree = BUILT_PRODUCTS_DIR;
		};
		2ECD63A42545CF45003572E3 /* libSDL2.a */ = {
			isa = PBXReferenceProxy;
			fileType = archive.ar;
			path = libSDL2.a;
			remoteRef = 2ECD63A32545CF45003572E3 /* PBXContainerItemProxy */;
			sourceTree = BUILT_PRODUCTS_DIR;
		};
		2ECD63B32545CF4D003572E3 /* libSDL2_mixer.a */ = {
			isa = PBXReferenceProxy;
			fileType = archive.ar;
			path = libSDL2_mixer.a;
			remoteRef = 2ECD63B22545CF4D003572E3 /* PBXContainerItemProxy */;
			sourceTree = BUILT_PRODUCTS_DIR;
		};
		2ECD63B52545CF4D003572E3 /* libSDL2_mixer.a */ = {
			isa = PBXReferenceProxy;
			fileType = archive.ar;
			path = libSDL2_mixer.a;
			remoteRef = 2ECD63B42545CF4D003572E3 /* PBXContainerItemProxy */;
			sourceTree = BUILT_PRODUCTS_DIR;
		};
		2ECD63C32545CF52003572E3 /* libSDL2_ttf.a */ = {
			isa = PBXReferenceProxy;
			fileType = archive.ar;
			path = libSDL2_ttf.a;
			remoteRef = 2ECD63C22545CF52003572E3 /* PBXContainerItemProxy */;
			sourceTree = BUILT_PRODUCTS_DIR;
		};
		2ECD63C52545CF52003572E3 /* libSDL2_ttf.a */ = {
			isa = PBXReferenceProxy;
			fileType = archive.ar;
			path = libSDL2_ttf.a;
			remoteRef = 2ECD63C42545CF52003572E3 /* PBXContainerItemProxy */;
			sourceTree = BUILT_PRODUCTS_DIR;
		};
/* End PBXReferenceProxy section */

/* Begin PBXResourcesBuildPhase section */
		2ECD623B2545BA56003572E3 /* Resources */ = {
			isa = PBXResourcesBuildPhase;
			buildActionMask = 2147483647;
			files = (
				2ECD62502545BA59003572E3 /* LaunchScreen.storyboard in Resources */,
				2ECD624D2545BA59003572E3 /* Assets.xcassets in Resources */,
				2ECD624B2545BA56003572E3 /* Main.storyboard in Resources */,
			);
			runOnlyForDeploymentPostprocessing = 0;
		};
/* End PBXResourcesBuildPhase section */

/* Begin PBXSourcesBuildPhase section */
		2ECD62392545BA56003572E3 /* Sources */ = {
			isa = PBXSourcesBuildPhase;
			buildActionMask = 2147483647;
			files = (
				2ECD62482545BA56003572E3 /* ViewController.m in Sources */,
				2ECD62422545BA56003572E3 /* AppDelegate.mm in Sources */,
				2ECD62532545BA59003572E3 /* main.m in Sources */,
			);
			runOnlyForDeploymentPostprocessing = 0;
		};
/* End PBXSourcesBuildPhase section */

/* Begin PBXTargetDependency section */
		2ECD63D32545CF75003572E3 /* PBXTargetDependency */ = {
			isa = PBXTargetDependency;
			name = devilutionx;
			targetProxy = 2ECD63D22545CF75003572E3 /* PBXContainerItemProxy */;
		};
/* End PBXTargetDependency section */

/* Begin PBXVariantGroup section */
		2ECD62492545BA56003572E3 /* Main.storyboard */ = {
			isa = PBXVariantGroup;
			children = (
				2ECD624A2545BA56003572E3 /* Base */,
			);
			name = Main.storyboard;
			sourceTree = "<group>";
		};
		2ECD624E2545BA59003572E3 /* LaunchScreen.storyboard */ = {
			isa = PBXVariantGroup;
			children = (
				2ECD624F2545BA59003572E3 /* Base */,
			);
			name = LaunchScreen.storyboard;
			sourceTree = "<group>";
		};
/* End PBXVariantGroup section */

/* Begin XCBuildConfiguration section */
		2ECD62542545BA59003572E3 /* Debug */ = {
			isa = XCBuildConfiguration;
			buildSettings = {
				ALWAYS_SEARCH_USER_PATHS = NO;
				CLANG_ANALYZER_NONNULL = YES;
				CLANG_ANALYZER_NUMBER_OBJECT_CONVERSION = YES_AGGRESSIVE;
				CLANG_CXX_LANGUAGE_STANDARD = "gnu++14";
				CLANG_CXX_LIBRARY = "libc++";
				CLANG_ENABLE_MODULES = YES;
				CLANG_ENABLE_OBJC_ARC = YES;
				CLANG_ENABLE_OBJC_WEAK = YES;
				CLANG_WARN_BLOCK_CAPTURE_AUTORELEASING = YES;
				CLANG_WARN_BOOL_CONVERSION = YES;
				CLANG_WARN_COMMA = YES;
				CLANG_WARN_CONSTANT_CONVERSION = YES;
				CLANG_WARN_DEPRECATED_OBJC_IMPLEMENTATIONS = YES;
				CLANG_WARN_DIRECT_OBJC_ISA_USAGE = YES_ERROR;
				CLANG_WARN_DOCUMENTATION_COMMENTS = YES;
				CLANG_WARN_EMPTY_BODY = YES;
				CLANG_WARN_ENUM_CONVERSION = YES;
				CLANG_WARN_INFINITE_RECURSION = YES;
				CLANG_WARN_INT_CONVERSION = YES;
				CLANG_WARN_NON_LITERAL_NULL_CONVERSION = YES;
				CLANG_WARN_OBJC_IMPLICIT_RETAIN_SELF = YES;
				CLANG_WARN_OBJC_LITERAL_CONVERSION = YES;
				CLANG_WARN_OBJC_ROOT_CLASS = YES_ERROR;
				CLANG_WARN_QUOTED_INCLUDE_IN_FRAMEWORK_HEADER = YES;
				CLANG_WARN_RANGE_LOOP_ANALYSIS = YES;
				CLANG_WARN_STRICT_PROTOTYPES = YES;
				CLANG_WARN_SUSPICIOUS_MOVE = YES;
				CLANG_WARN_UNGUARDED_AVAILABILITY = YES_AGGRESSIVE;
				CLANG_WARN_UNREACHABLE_CODE = YES;
				CLANG_WARN__DUPLICATE_METHOD_MATCH = YES;
				COPY_PHASE_STRIP = NO;
				DEBUG_INFORMATION_FORMAT = dwarf;
				ENABLE_STRICT_OBJC_MSGSEND = YES;
				ENABLE_TESTABILITY = YES;
				GCC_C_LANGUAGE_STANDARD = gnu11;
				GCC_DYNAMIC_NO_PIC = NO;
				GCC_NO_COMMON_BLOCKS = YES;
				GCC_OPTIMIZATION_LEVEL = 0;
				GCC_PREPROCESSOR_DEFINITIONS = (
					"DEBUG=1",
					"$(inherited)",
				);
				GCC_WARN_64_TO_32_BIT_CONVERSION = YES;
				GCC_WARN_ABOUT_RETURN_TYPE = YES_ERROR;
				GCC_WARN_UNDECLARED_SELECTOR = YES;
				GCC_WARN_UNINITIALIZED_AUTOS = YES_AGGRESSIVE;
				GCC_WARN_UNUSED_FUNCTION = YES;
				GCC_WARN_UNUSED_VARIABLE = YES;
				IPHONEOS_DEPLOYMENT_TARGET = 14.0;
				MTL_ENABLE_DEBUG_INFO = INCLUDE_SOURCE;
				MTL_FAST_MATH = YES;
				ONLY_ACTIVE_ARCH = YES;
				SDKROOT = iphoneos;
			};
			name = Debug;
		};
		2ECD62552545BA59003572E3 /* Release */ = {
			isa = XCBuildConfiguration;
			buildSettings = {
				ALWAYS_SEARCH_USER_PATHS = NO;
				CLANG_ANALYZER_NONNULL = YES;
				CLANG_ANALYZER_NUMBER_OBJECT_CONVERSION = YES_AGGRESSIVE;
				CLANG_CXX_LANGUAGE_STANDARD = "gnu++14";
				CLANG_CXX_LIBRARY = "libc++";
				CLANG_ENABLE_MODULES = YES;
				CLANG_ENABLE_OBJC_ARC = YES;
				CLANG_ENABLE_OBJC_WEAK = YES;
				CLANG_WARN_BLOCK_CAPTURE_AUTORELEASING = YES;
				CLANG_WARN_BOOL_CONVERSION = YES;
				CLANG_WARN_COMMA = YES;
				CLANG_WARN_CONSTANT_CONVERSION = YES;
				CLANG_WARN_DEPRECATED_OBJC_IMPLEMENTATIONS = YES;
				CLANG_WARN_DIRECT_OBJC_ISA_USAGE = YES_ERROR;
				CLANG_WARN_DOCUMENTATION_COMMENTS = YES;
				CLANG_WARN_EMPTY_BODY = YES;
				CLANG_WARN_ENUM_CONVERSION = YES;
				CLANG_WARN_INFINITE_RECURSION = YES;
				CLANG_WARN_INT_CONVERSION = YES;
				CLANG_WARN_NON_LITERAL_NULL_CONVERSION = YES;
				CLANG_WARN_OBJC_IMPLICIT_RETAIN_SELF = YES;
				CLANG_WARN_OBJC_LITERAL_CONVERSION = YES;
				CLANG_WARN_OBJC_ROOT_CLASS = YES_ERROR;
				CLANG_WARN_QUOTED_INCLUDE_IN_FRAMEWORK_HEADER = YES;
				CLANG_WARN_RANGE_LOOP_ANALYSIS = YES;
				CLANG_WARN_STRICT_PROTOTYPES = YES;
				CLANG_WARN_SUSPICIOUS_MOVE = YES;
				CLANG_WARN_UNGUARDED_AVAILABILITY = YES_AGGRESSIVE;
				CLANG_WARN_UNREACHABLE_CODE = YES;
				CLANG_WARN__DUPLICATE_METHOD_MATCH = YES;
				COPY_PHASE_STRIP = NO;
				DEBUG_INFORMATION_FORMAT = "dwarf-with-dsym";
				ENABLE_NS_ASSERTIONS = NO;
				ENABLE_STRICT_OBJC_MSGSEND = YES;
				GCC_C_LANGUAGE_STANDARD = gnu11;
				GCC_NO_COMMON_BLOCKS = YES;
				GCC_WARN_64_TO_32_BIT_CONVERSION = YES;
				GCC_WARN_ABOUT_RETURN_TYPE = YES_ERROR;
				GCC_WARN_UNDECLARED_SELECTOR = YES;
				GCC_WARN_UNINITIALIZED_AUTOS = YES_AGGRESSIVE;
				GCC_WARN_UNUSED_FUNCTION = YES;
				GCC_WARN_UNUSED_VARIABLE = YES;
				IPHONEOS_DEPLOYMENT_TARGET = 14.0;
				MTL_ENABLE_DEBUG_INFO = NO;
				MTL_FAST_MATH = YES;
				SDKROOT = iphoneos;
				VALIDATE_PRODUCT = YES;
			};
			name = Release;
		};
		2ECD62572545BA59003572E3 /* Debug */ = {
			isa = XCBuildConfiguration;
			buildSettings = {
				ASSETCATALOG_COMPILER_APPICON_NAME = AppIcon;
				ASSETCATALOG_COMPILER_GLOBAL_ACCENT_COLOR_NAME = AccentColor;
				CODE_SIGN_STYLE = Automatic;
				INFOPLIST_FILE = "DevilutionX-iOS/Info.plist";
				LD_RUNPATH_SEARCH_PATHS = (
					"$(inherited)",
					"@executable_path/Frameworks",
				);
				PRODUCT_BUNDLE_IDENTIFIER = "com.diasurgical.DevilutionX-iOS";
				PRODUCT_NAME = "$(TARGET_NAME)";
				TARGETED_DEVICE_FAMILY = "1,2";
			};
			name = Debug;
		};
		2ECD62582545BA59003572E3 /* Release */ = {
			isa = XCBuildConfiguration;
			buildSettings = {
				ASSETCATALOG_COMPILER_APPICON_NAME = AppIcon;
				ASSETCATALOG_COMPILER_GLOBAL_ACCENT_COLOR_NAME = AccentColor;
				CODE_SIGN_STYLE = Automatic;
				INFOPLIST_FILE = "DevilutionX-iOS/Info.plist";
				LD_RUNPATH_SEARCH_PATHS = (
					"$(inherited)",
					"@executable_path/Frameworks",
				);
				PRODUCT_BUNDLE_IDENTIFIER = "com.diasurgical.DevilutionX-iOS";
				PRODUCT_NAME = "$(TARGET_NAME)";
				TARGETED_DEVICE_FAMILY = "1,2";
			};
			name = Release;
		};
/* End XCBuildConfiguration section */

/* Begin XCConfigurationList section */
		2ECD62382545BA56003572E3 /* Build configuration list for PBXProject "DevilutionX-iOS" */ = {
			isa = XCConfigurationList;
			buildConfigurations = (
				2ECD62542545BA59003572E3 /* Debug */,
				2ECD62552545BA59003572E3 /* Release */,
			);
			defaultConfigurationIsVisible = 0;
			defaultConfigurationName = Release;
		};
		2ECD62562545BA59003572E3 /* Build configuration list for PBXNativeTarget "DevilutionX-iOS" */ = {
			isa = XCConfigurationList;
			buildConfigurations = (
				2ECD62572545BA59003572E3 /* Debug */,
				2ECD62582545BA59003572E3 /* Release */,
			);
			defaultConfigurationIsVisible = 0;
			defaultConfigurationName = Release;
		};
/* End XCConfigurationList section */
	};
	rootObject = 2ECD62352545BA56003572E3 /* Project object */;
}
